
Microsoft Visual Studio Solution File, Format Version 12.00
Project("{FAE04EC0-301F-11D3-BF4B-00C04F79EFBC}") = "StockPricePrediction", "StockPricePrediction.csproj", "{4AAD067F-1B78-46E5-AFCE-CA4BE6B3442E}"
EndProject
Project("{FAE04EC0-301F-11D3-BF4B-00C04F79EFBC}") = "UnitTests", "UnitTests\UnitTests.csproj", "{F2D0B4C0-F3B0-41F3-B045-F578060AF9C9}"
EndProject
Project("{FAE04EC0-301F-11D3-BF4B-00C04F79EFBC}") = "DomainLayer", "Layers\DomainLayer\DomainLayer.csproj", "{AAB18322-9CD3-4A6B-8666-0134719C3535}"
EndProject
Project("{FAE04EC0-301F-11D3-BF4B-00C04F79EFBC}") = "RepositoryLayer", "Layers\RepositoryLayer\RepositoryLayer.csproj", "{CDF2BA0E-270F-4DF1-BB66-D85196ABE1B6}"
EndProject
Project("{FAE04EC0-301F-11D3-BF4B-00C04F79EFBC}") = "ServiceLayer", "Layers\ServiceLayer\ServiceLayer.csproj", "{3285AF8B-1856-47E3-AB61-017276F1F624}"
EndProject
Global
	GlobalSection(SolutionConfigurationPlatforms) = preSolution
		Debug|Any CPU = Debug|Any CPU
		Release|Any CPU = Release|Any CPU
	EndGlobalSection
	GlobalSection(ProjectConfigurationPlatforms) = postSolution
		{4AAD067F-1B78-46E5-AFCE-CA4BE6B3442E}.Debug|Any CPU.ActiveCfg = Debug|Any CPU
		{4AAD067F-1B78-46E5-AFCE-CA4BE6B3442E}.Debug|Any CPU.Build.0 = Debug|Any CPU
		{4AAD067F-1B78-46E5-AFCE-CA4BE6B3442E}.Release|Any CPU.ActiveCfg = Release|Any CPU
		{4AAD067F-1B78-46E5-AFCE-CA4BE6B3442E}.Release|Any CPU.Build.0 = Release|Any CPU
		{F2D0B4C0-F3B0-41F3-B045-F578060AF9C9}.Debug|Any CPU.ActiveCfg = Debug|Any CPU
		{F2D0B4C0-F3B0-41F3-B045-F578060AF9C9}.Debug|Any CPU.Build.0 = Debug|Any CPU
		{F2D0B4C0-F3B0-41F3-B045-F578060AF9C9}.Release|Any CPU.ActiveCfg = Release|Any CPU
		{F2D0B4C0-F3B0-41F3-B045-F578060AF9C9}.Release|Any CPU.Build.0 = Release|Any CPU
		{AAB18322-9CD3-4A6B-8666-0134719C3535}.Debug|Any CPU.ActiveCfg = Debug|Any CPU
		{AAB18322-9CD3-4A6B-8666-0134719C3535}.Debug|Any CPU.Build.0 = Debug|Any CPU
		{AAB18322-9CD3-4A6B-8666-0134719C3535}.Release|Any CPU.ActiveCfg = Release|Any CPU
		{AAB18322-9CD3-4A6B-8666-0134719C3535}.Release|Any CPU.Build.0 = Release|Any CPU
		{CDF2BA0E-270F-4DF1-BB66-D85196ABE1B6}.Debug|Any CPU.ActiveCfg = Debug|Any CPU
		{CDF2BA0E-270F-4DF1-BB66-D85196ABE1B6}.Debug|Any CPU.Build.0 = Debug|Any CPU
		{CDF2BA0E-270F-4DF1-BB66-D85196ABE1B6}.Release|Any CPU.ActiveCfg = Release|Any CPU
		{CDF2BA0E-270F-4DF1-BB66-D85196ABE1B6}.Release|Any CPU.Build.0 = Release|Any CPU
		{3285AF8B-1856-47E3-AB61-017276F1F624}.Debug|Any CPU.ActiveCfg = Debug|Any CPU
		{3285AF8B-1856-47E3-AB61-017276F1F624}.Debug|Any CPU.Build.0 = Debug|Any CPU
		{3285AF8B-1856-47E3-AB61-017276F1F624}.Release|Any CPU.ActiveCfg = Release|Any CPU
		{3285AF8B-1856-47E3-AB61-017276F1F624}.Release|Any CPU.Build.0 = Release|Any CPU
	EndGlobalSection
EndGlobal
